// !$*UTF8*$!
{
	archiveVersion = 1;
	classes = {
	};
	objectVersion = 46;
	objects = {

/* Begin PBXBuildFile section */
		27CEF5631AC6033B00890179 /* main.m in Sources */ = {isa = PBXBuildFile; fileRef = 27CEF5621AC6033B00890179 /* main.m */; };
		27CEF5661AC6033B00890179 /* AppDelegate.m in Sources */ = {isa = PBXBuildFile; fileRef = 27CEF5651AC6033B00890179 /* AppDelegate.m */; };
		27CEF5691AC6033B00890179 /* MapViewController.m in Sources */ = {isa = PBXBuildFile; fileRef = 27CEF5681AC6033B00890179 /* MapViewController.m */; };
		27CEF56C1AC6033B00890179 /* Main.storyboard in Resources */ = {isa = PBXBuildFile; fileRef = 27CEF56A1AC6033B00890179 /* Main.storyboard */; };
		27CEF56E1AC6033B00890179 /* Images.xcassets in Resources */ = {isa = PBXBuildFile; fileRef = 27CEF56D1AC6033B00890179 /* Images.xcassets */; };
		27CEF5711AC6033B00890179 /* LaunchScreen.xib in Resources */ = {isa = PBXBuildFile; fileRef = 27CEF56F1AC6033B00890179 /* LaunchScreen.xib */; };
		27CEF57D1AC6033B00890179 /* MyWorldTests.m in Sources */ = {isa = PBXBuildFile; fileRef = 27CEF57C1AC6033B00890179 /* MyWorldTests.m */; };
		27CEF58B1AC6122D00890179 /* Stack.m in Sources */ = {isa = PBXBuildFile; fileRef = 27CEF58A1AC6122D00890179 /* Stack.m */; };
		27CEF5C11AC9015700890179 /* UIColor+UIColorCategory.m in Sources */ = {isa = PBXBuildFile; fileRef = 27CEF5C01AC9015700890179 /* UIColor+UIColorCategory.m */; };
		27CEF5CF1AC9EC2A00890179 /* MapKit.framework in Frameworks */ = {isa = PBXBuildFile; fileRef = 27CEF5CE1AC9EC2A00890179 /* MapKit.framework */; };
		27CEF5D21ACA065A00890179 /* EntriesViewController.m in Sources */ = {isa = PBXBuildFile; fileRef = 27CEF5D11ACA065A00890179 /* EntriesViewController.m */; };
		27CEF5D51ACA068300890179 /* PicturesViewController.m in Sources */ = {isa = PBXBuildFile; fileRef = 27CEF5D41ACA068300890179 /* PicturesViewController.m */; };
		27CEF5D81ACA06B700890179 /* LocationController.m in Sources */ = {isa = PBXBuildFile; fileRef = 27CEF5D71ACA06B700890179 /* LocationController.m */; };
		27CEF5DB1ACA4FF100890179 /* EntriesViewDataSource.m in Sources */ = {isa = PBXBuildFile; fileRef = 27CEF5DA1ACA4FF100890179 /* EntriesViewDataSource.m */; };
		27CEF6771ACB243200890179 /* EntryController.m in Sources */ = {isa = PBXBuildFile; fileRef = 27CEF6761ACB243200890179 /* EntryController.m */; };
		27CEF67A1ACB27A900890179 /* Model.xcdatamodeld in Sources */ = {isa = PBXBuildFile; fileRef = 27CEF6781ACB27A900890179 /* Model.xcdatamodeld */; };
		27CEF6891ACB391400890179 /* MapAnnotation.m in Sources */ = {isa = PBXBuildFile; fileRef = 27CEF6881ACB391300890179 /* MapAnnotation.m */; };
		27CEF68F1ACB3DC500890179 /* Location.m in Sources */ = {isa = PBXBuildFile; fileRef = 27CEF68E1ACB3DC500890179 /* Location.m */; };
		27CEF6921ACB3DC600890179 /* Entry.m in Sources */ = {isa = PBXBuildFile; fileRef = 27CEF6911ACB3DC600890179 /* Entry.m */; };
		27CEF6951ACB976D00890179 /* DetailViewController.m in Sources */ = {isa = PBXBuildFile; fileRef = 27CEF6941ACB976D00890179 /* DetailViewController.m */; };
/* End PBXBuildFile section */

/* Begin PBXContainerItemProxy section */
		27CEF5771AC6033B00890179 /* PBXContainerItemProxy */ = {
			isa = PBXContainerItemProxy;
			containerPortal = 27CEF5551AC6033B00890179 /* Project object */;
			proxyType = 1;
			remoteGlobalIDString = 27CEF55C1AC6033B00890179;
			remoteInfo = MyWorld;
		};
/* End PBXContainerItemProxy section */

/* Begin PBXFileReference section */
		27CEF55D1AC6033B00890179 /* MyWorld.app */ = {isa = PBXFileReference; explicitFileType = wrapper.application; includeInIndex = 0; path = MyWorld.app; sourceTree = BUILT_PRODUCTS_DIR; };
		27CEF5611AC6033B00890179 /* Info.plist */ = {isa = PBXFileReference; lastKnownFileType = text.plist.xml; path = Info.plist; sourceTree = "<group>"; };
		27CEF5621AC6033B00890179 /* main.m */ = {isa = PBXFileReference; lastKnownFileType = sourcecode.c.objc; path = main.m; sourceTree = "<group>"; };
		27CEF5641AC6033B00890179 /* AppDelegate.h */ = {isa = PBXFileReference; lastKnownFileType = sourcecode.c.h; path = AppDelegate.h; sourceTree = "<group>"; };
		27CEF5651AC6033B00890179 /* AppDelegate.m */ = {isa = PBXFileReference; lastKnownFileType = sourcecode.c.objc; path = AppDelegate.m; sourceTree = "<group>"; };
		27CEF5671AC6033B00890179 /* MapViewController.h */ = {isa = PBXFileReference; lastKnownFileType = sourcecode.c.h; path = MapViewController.h; sourceTree = "<group>"; };
		27CEF5681AC6033B00890179 /* MapViewController.m */ = {isa = PBXFileReference; lastKnownFileType = sourcecode.c.objc; path = MapViewController.m; sourceTree = "<group>"; };
		27CEF56B1AC6033B00890179 /* Base */ = {isa = PBXFileReference; lastKnownFileType = file.storyboard; name = Base; path = Base.lproj/Main.storyboard; sourceTree = "<group>"; };
		27CEF56D1AC6033B00890179 /* Images.xcassets */ = {isa = PBXFileReference; lastKnownFileType = folder.assetcatalog; path = Images.xcassets; sourceTree = "<group>"; };
		27CEF5701AC6033B00890179 /* Base */ = {isa = PBXFileReference; lastKnownFileType = file.xib; name = Base; path = Base.lproj/LaunchScreen.xib; sourceTree = "<group>"; };
		27CEF5761AC6033B00890179 /* MyWorldTests.xctest */ = {isa = PBXFileReference; explicitFileType = wrapper.cfbundle; includeInIndex = 0; path = MyWorldTests.xctest; sourceTree = BUILT_PRODUCTS_DIR; };
		27CEF57B1AC6033B00890179 /* Info.plist */ = {isa = PBXFileReference; lastKnownFileType = text.plist.xml; path = Info.plist; sourceTree = "<group>"; };
		27CEF57C1AC6033B00890179 /* MyWorldTests.m */ = {isa = PBXFileReference; lastKnownFileType = sourcecode.c.objc; path = MyWorldTests.m; sourceTree = "<group>"; };
		27CEF5891AC6122D00890179 /* Stack.h */ = {isa = PBXFileReference; fileEncoding = 4; lastKnownFileType = sourcecode.c.h; name = Stack.h; path = ../Stack.h; sourceTree = "<group>"; };
		27CEF58A1AC6122D00890179 /* Stack.m */ = {isa = PBXFileReference; fileEncoding = 4; lastKnownFileType = sourcecode.c.objc; name = Stack.m; path = ../Stack.m; sourceTree = "<group>"; };
		27CEF5BF1AC9015700890179 /* UIColor+UIColorCategory.h */ = {isa = PBXFileReference; fileEncoding = 4; lastKnownFileType = sourcecode.c.h; path = "UIColor+UIColorCategory.h"; sourceTree = "<group>"; };
		27CEF5C01AC9015700890179 /* UIColor+UIColorCategory.m */ = {isa = PBXFileReference; fileEncoding = 4; lastKnownFileType = sourcecode.c.objc; path = "UIColor+UIColorCategory.m"; sourceTree = "<group>"; };
		27CEF5CE1AC9EC2A00890179 /* MapKit.framework */ = {isa = PBXFileReference; lastKnownFileType = wrapper.framework; name = MapKit.framework; path = System/Library/Frameworks/MapKit.framework; sourceTree = SDKROOT; };
		27CEF5D01ACA065A00890179 /* EntriesViewController.h */ = {isa = PBXFileReference; fileEncoding = 4; lastKnownFileType = sourcecode.c.h; path = EntriesViewController.h; sourceTree = "<group>"; };
		27CEF5D11ACA065A00890179 /* EntriesViewController.m */ = {isa = PBXFileReference; fileEncoding = 4; lastKnownFileType = sourcecode.c.objc; path = EntriesViewController.m; sourceTree = "<group>"; };
		27CEF5D31ACA068300890179 /* PicturesViewController.h */ = {isa = PBXFileReference; fileEncoding = 4; lastKnownFileType = sourcecode.c.h; path = PicturesViewController.h; sourceTree = "<group>"; };
		27CEF5D41ACA068300890179 /* PicturesViewController.m */ = {isa = PBXFileReference; fileEncoding = 4; lastKnownFileType = sourcecode.c.objc; path = PicturesViewController.m; sourceTree = "<group>"; };
		27CEF5D61ACA06B700890179 /* LocationController.h */ = {isa = PBXFileReference; fileEncoding = 4; lastKnownFileType = sourcecode.c.h; path = LocationController.h; sourceTree = "<group>"; };
		27CEF5D71ACA06B700890179 /* LocationController.m */ = {isa = PBXFileReference; fileEncoding = 4; lastKnownFileType = sourcecode.c.objc; path = LocationController.m; sourceTree = "<group>"; };
		27CEF5D91ACA4FF100890179 /* EntriesViewDataSource.h */ = {isa = PBXFileReference; fileEncoding = 4; lastKnownFileType = sourcecode.c.h; path = EntriesViewDataSource.h; sourceTree = "<group>"; };
		27CEF5DA1ACA4FF100890179 /* EntriesViewDataSource.m */ = {isa = PBXFileReference; fileEncoding = 4; lastKnownFileType = sourcecode.c.objc; path = EntriesViewDataSource.m; sourceTree = "<group>"; };
		27CEF6751ACB243200890179 /* EntryController.h */ = {isa = PBXFileReference; fileEncoding = 4; lastKnownFileType = sourcecode.c.h; path = EntryController.h; sourceTree = "<group>"; };
		27CEF6761ACB243200890179 /* EntryController.m */ = {isa = PBXFileReference; fileEncoding = 4; lastKnownFileType = sourcecode.c.objc; path = EntryController.m; sourceTree = "<group>"; };
		27CEF6791ACB27A900890179 /* Model.xcdatamodel */ = {isa = PBXFileReference; lastKnownFileType = wrapper.xcdatamodel; path = Model.xcdatamodel; sourceTree = "<group>"; };
		27CEF6871ACB391300890179 /* MapAnnotation.h */ = {isa = PBXFileReference; fileEncoding = 4; lastKnownFileType = sourcecode.c.h; path = MapAnnotation.h; sourceTree = "<group>"; };
		27CEF6881ACB391300890179 /* MapAnnotation.m */ = {isa = PBXFileReference; fileEncoding = 4; lastKnownFileType = sourcecode.c.objc; path = MapAnnotation.m; sourceTree = "<group>"; };
		27CEF68D1ACB3DC500890179 /* Location.h */ = {isa = PBXFileReference; fileEncoding = 4; lastKnownFileType = sourcecode.c.h; path = Location.h; sourceTree = "<group>"; };
		27CEF68E1ACB3DC500890179 /* Location.m */ = {isa = PBXFileReference; fileEncoding = 4; lastKnownFileType = sourcecode.c.objc; path = Location.m; sourceTree = "<group>"; };
		27CEF6901ACB3DC600890179 /* Entry.h */ = {isa = PBXFileReference; fileEncoding = 4; lastKnownFileType = sourcecode.c.h; path = Entry.h; sourceTree = "<group>"; };
		27CEF6911ACB3DC600890179 /* Entry.m */ = {isa = PBXFileReference; fileEncoding = 4; lastKnownFileType = sourcecode.c.objc; path = Entry.m; sourceTree = "<group>"; };
		27CEF6931ACB976D00890179 /* DetailViewController.h */ = {isa = PBXFileReference; fileEncoding = 4; lastKnownFileType = sourcecode.c.h; path = DetailViewController.h; sourceTree = "<group>"; };
		27CEF6941ACB976D00890179 /* DetailViewController.m */ = {isa = PBXFileReference; fileEncoding = 4; lastKnownFileType = sourcecode.c.objc; path = DetailViewController.m; sourceTree = "<group>"; };
/* End PBXFileReference section */

/* Begin PBXFrameworksBuildPhase section */
		27CEF55A1AC6033B00890179 /* Frameworks */ = {
			isa = PBXFrameworksBuildPhase;
			buildActionMask = 2147483647;
			files = (
				27CEF5CF1AC9EC2A00890179 /* MapKit.framework in Frameworks */,
			);
			runOnlyForDeploymentPostprocessing = 0;
		};
		27CEF5731AC6033B00890179 /* Frameworks */ = {
			isa = PBXFrameworksBuildPhase;
			buildActionMask = 2147483647;
			files = (
			);
			runOnlyForDeploymentPostprocessing = 0;
		};
/* End PBXFrameworksBuildPhase section */

/* Begin PBXGroup section */
		27CEF5541AC6033B00890179 = {
			isa = PBXGroup;
			children = (
				27CEF5CE1AC9EC2A00890179 /* MapKit.framework */,
				27CEF55F1AC6033B00890179 /* MyWorld */,
				27CEF5791AC6033B00890179 /* MyWorldTests */,
				27CEF55E1AC6033B00890179 /* Products */,
			);
			sourceTree = "<group>";
		};
		27CEF55E1AC6033B00890179 /* Products */ = {
			isa = PBXGroup;
			children = (
				27CEF55D1AC6033B00890179 /* MyWorld.app */,
				27CEF5761AC6033B00890179 /* MyWorldTests.xctest */,
			);
			name = Products;
			sourceTree = "<group>";
		};
		27CEF55F1AC6033B00890179 /* MyWorld */ = {
			isa = PBXGroup;
			children = (
				27CEF5861AC60FD400890179 /* Main View Files */,
				27CEF5641AC6033B00890179 /* AppDelegate.h */,
				27CEF5651AC6033B00890179 /* AppDelegate.m */,
				27CEF5671AC6033B00890179 /* MapViewController.h */,
				27CEF5681AC6033B00890179 /* MapViewController.m */,
				27CEF6871ACB391300890179 /* MapAnnotation.h */,
				27CEF6881ACB391300890179 /* MapAnnotation.m */,
				27CEF58C1AC6127900890179 /* Controllers */,
				27CEF5891AC6122D00890179 /* Stack.h */,
				27CEF58A1AC6122D00890179 /* Stack.m */,
				27CEF5C81AC9DF2700890179 /* Location Files */,
				27CEF5871AC60FDF00890179 /* Entry Files  */,
				27CEF5881AC60FF800890179 /* Picture Files */,
				27CEF56A1AC6033B00890179 /* Main.storyboard */,
				27CEF56D1AC6033B00890179 /* Images.xcassets */,
				27CEF56F1AC6033B00890179 /* LaunchScreen.xib */,
				27CEF5601AC6033B00890179 /* Supporting Files */,
			);
			path = MyWorld;
			sourceTree = "<group>";
		};
		27CEF5601AC6033B00890179 /* Supporting Files */ = {
			isa = PBXGroup;
			children = (
				27CEF5BF1AC9015700890179 /* UIColor+UIColorCategory.h */,
				27CEF5C01AC9015700890179 /* UIColor+UIColorCategory.m */,
				27CEF5611AC6033B00890179 /* Info.plist */,
				27CEF5621AC6033B00890179 /* main.m */,
			);
			name = "Supporting Files";
			sourceTree = "<group>";
		};
		27CEF5791AC6033B00890179 /* MyWorldTests */ = {
			isa = PBXGroup;
			children = (
				27CEF57C1AC6033B00890179 /* MyWorldTests.m */,
				27CEF57A1AC6033B00890179 /* Supporting Files */,
			);
			path = MyWorldTests;
			sourceTree = "<group>";
		};
		27CEF57A1AC6033B00890179 /* Supporting Files */ = {
			isa = PBXGroup;
			children = (
				27CEF57B1AC6033B00890179 /* Info.plist */,
			);
			name = "Supporting Files";
			sourceTree = "<group>";
		};
		27CEF5861AC60FD400890179 /* Main View Files */ = {
			isa = PBXGroup;
			children = (
			);
			name = "Main View Files";
			sourceTree = "<group>";
		};
		27CEF5871AC60FDF00890179 /* Entry Files  */ = {
			isa = PBXGroup;
			children = (
				27CEF5D01ACA065A00890179 /* EntriesViewController.h */,
				27CEF5D11ACA065A00890179 /* EntriesViewController.m */,
				27CEF5D91ACA4FF100890179 /* EntriesViewDataSource.h */,
				27CEF5DA1ACA4FF100890179 /* EntriesViewDataSource.m */,
				27CEF6931ACB976D00890179 /* DetailViewController.h */,
				27CEF6941ACB976D00890179 /* DetailViewController.m */,
				27CEF6751ACB243200890179 /* EntryController.h */,
				27CEF6761ACB243200890179 /* EntryController.m */,
				27CEF6781ACB27A900890179 /* Model.xcdatamodeld */,
				27CEF6901ACB3DC600890179 /* Entry.h */,
				27CEF6911ACB3DC600890179 /* Entry.m */,
			);
			name = "Entry Files ";
			sourceTree = "<group>";
		};
		27CEF5881AC60FF800890179 /* Picture Files */ = {
			isa = PBXGroup;
			children = (
				27CEF5D31ACA068300890179 /* PicturesViewController.h */,
				27CEF5D41ACA068300890179 /* PicturesViewController.m */,
			);
			name = "Picture Files";
			sourceTree = "<group>";
		};
		27CEF58C1AC6127900890179 /* Controllers */ = {
			isa = PBXGroup;
			children = (
			);
			name = Controllers;
			sourceTree = "<group>";
		};
		27CEF5C81AC9DF2700890179 /* Location Files */ = {
			isa = PBXGroup;
			children = (
				27CEF5D61ACA06B700890179 /* LocationController.h */,
				27CEF5D71ACA06B700890179 /* LocationController.m */,
				27CEF68D1ACB3DC500890179 /* Location.h */,
				27CEF68E1ACB3DC500890179 /* Location.m */,
			);
			name = "Location Files";
			sourceTree = "<group>";
		};
/* End PBXGroup section */

/* Begin PBXNativeTarget section */
		27CEF55C1AC6033B00890179 /* MyWorld */ = {
			isa = PBXNativeTarget;
			buildConfigurationList = 27CEF5801AC6033B00890179 /* Build configuration list for PBXNativeTarget "MyWorld" */;
			buildPhases = (
				27CEF5591AC6033B00890179 /* Sources */,
				27CEF55A1AC6033B00890179 /* Frameworks */,
				27CEF55B1AC6033B00890179 /* Resources */,
			);
			buildRules = (
			);
			dependencies = (
			);
			name = MyWorld;
			productName = MyWorld;
			productReference = 27CEF55D1AC6033B00890179 /* MyWorld.app */;
			productType = "com.apple.product-type.application";
		};
		27CEF5751AC6033B00890179 /* MyWorldTests */ = {
			isa = PBXNativeTarget;
			buildConfigurationList = 27CEF5831AC6033B00890179 /* Build configuration list for PBXNativeTarget "MyWorldTests" */;
			buildPhases = (
				27CEF5721AC6033B00890179 /* Sources */,
				27CEF5731AC6033B00890179 /* Frameworks */,
				27CEF5741AC6033B00890179 /* Resources */,
			);
			buildRules = (
			);
			dependencies = (
				27CEF5781AC6033B00890179 /* PBXTargetDependency */,
			);
			name = MyWorldTests;
			productName = MyWorldTests;
			productReference = 27CEF5761AC6033B00890179 /* MyWorldTests.xctest */;
			productType = "com.apple.product-type.bundle.unit-test";
		};
/* End PBXNativeTarget section */

/* Begin PBXProject section */
		27CEF5551AC6033B00890179 /* Project object */ = {
			isa = PBXProject;
			attributes = {
				LastUpgradeCheck = 0620;
				ORGANIZATIONNAME = "Ethan Hess";
				TargetAttributes = {
					27CEF55C1AC6033B00890179 = {
						CreatedOnToolsVersion = 6.2;
					};
					27CEF5751AC6033B00890179 = {
						CreatedOnToolsVersion = 6.2;
						TestTargetID = 27CEF55C1AC6033B00890179;
					};
				};
			};
			buildConfigurationList = 27CEF5581AC6033B00890179 /* Build configuration list for PBXProject "MyWorld" */;
			compatibilityVersion = "Xcode 3.2";
			developmentRegion = English;
			hasScannedForEncodings = 0;
			knownRegions = (
				en,
				Base,
			);
			mainGroup = 27CEF5541AC6033B00890179;
			productRefGroup = 27CEF55E1AC6033B00890179 /* Products */;
			projectDirPath = "";
			projectRoot = "";
			targets = (
				27CEF55C1AC6033B00890179 /* MyWorld */,
				27CEF5751AC6033B00890179 /* MyWorldTests */,
			);
		};
/* End PBXProject section */

/* Begin PBXResourcesBuildPhase section */
		27CEF55B1AC6033B00890179 /* Resources */ = {
			isa = PBXResourcesBuildPhase;
			buildActionMask = 2147483647;
			files = (
				27CEF56C1AC6033B00890179 /* Main.storyboard in Resources */,
				27CEF5711AC6033B00890179 /* LaunchScreen.xib in Resources */,
				27CEF56E1AC6033B00890179 /* Images.xcassets in Resources */,
			);
			runOnlyForDeploymentPostprocessing = 0;
		};
		27CEF5741AC6033B00890179 /* Resources */ = {
			isa = PBXResourcesBuildPhase;
			buildActionMask = 2147483647;
			files = (
			);
			runOnlyForDeploymentPostprocessing = 0;
		};
/* End PBXResourcesBuildPhase section */

/* Begin PBXSourcesBuildPhase section */
		27CEF5591AC6033B00890179 /* Sources */ = {
			isa = PBXSourcesBuildPhase;
			buildActionMask = 2147483647;
			files = (
				27CEF6771ACB243200890179 /* EntryController.m in Sources */,
				27CEF68F1ACB3DC500890179 /* Location.m in Sources */,
				27CEF6921ACB3DC600890179 /* Entry.m in Sources */,
				27CEF58B1AC6122D00890179 /* Stack.m in Sources */,
				27CEF5D51ACA068300890179 /* PicturesViewController.m in Sources */,
				27CEF6951ACB976D00890179 /* DetailViewController.m in Sources */,
				27CEF5DB1ACA4FF100890179 /* EntriesViewDataSource.m in Sources */,
				27CEF5691AC6033B00890179 /* MapViewController.m in Sources */,
				27CEF5661AC6033B00890179 /* AppDelegate.m in Sources */,
				27CEF5D81ACA06B700890179 /* LocationController.m in Sources */,
				27CEF5D21ACA065A00890179 /* EntriesViewController.m in Sources */,
				27CEF5631AC6033B00890179 /* main.m in Sources */,
				27CEF67A1ACB27A900890179 /* Model.xcdatamodeld in Sources */,
				27CEF5C11AC9015700890179 /* UIColor+UIColorCategory.m in Sources */,
				27CEF6891ACB391400890179 /* MapAnnotation.m in Sources */,
			);
			runOnlyForDeploymentPostprocessing = 0;
		};
		27CEF5721AC6033B00890179 /* Sources */ = {
			isa = PBXSourcesBuildPhase;
			buildActionMask = 2147483647;
			files = (
				27CEF57D1AC6033B00890179 /* MyWorldTests.m in Sources */,
			);
			runOnlyForDeploymentPostprocessing = 0;
		};
/* End PBXSourcesBuildPhase section */

/* Begin PBXTargetDependency section */
		27CEF5781AC6033B00890179 /* PBXTargetDependency */ = {
			isa = PBXTargetDependency;
			target = 27CEF55C1AC6033B00890179 /* MyWorld */;
			targetProxy = 27CEF5771AC6033B00890179 /* PBXContainerItemProxy */;
		};
/* End PBXTargetDependency section */

/* Begin PBXVariantGroup section */
		27CEF56A1AC6033B00890179 /* Main.storyboard */ = {
			isa = PBXVariantGroup;
			children = (
				27CEF56B1AC6033B00890179 /* Base */,
			);
			name = Main.storyboard;
			sourceTree = "<group>";
		};
		27CEF56F1AC6033B00890179 /* LaunchScreen.xib */ = {
			isa = PBXVariantGroup;
			children = (
				27CEF5701AC6033B00890179 /* Base */,
			);
			name = LaunchScreen.xib;
			sourceTree = "<group>";
		};
/* End PBXVariantGroup section */

/* Begin XCBuildConfiguration section */
		27CEF57E1AC6033B00890179 /* Debug */ = {
			isa = XCBuildConfiguration;
			buildSettings = {
				ALWAYS_SEARCH_USER_PATHS = NO;
				CLANG_CXX_LANGUAGE_STANDARD = "gnu++0x";
				CLANG_CXX_LIBRARY = "libc++";
				CLANG_ENABLE_MODULES = YES;
				CLANG_ENABLE_OBJC_ARC = YES;
				CLANG_WARN_BOOL_CONVERSION = YES;
				CLANG_WARN_CONSTANT_CONVERSION = YES;
				CLANG_WARN_DIRECT_OBJC_ISA_USAGE = YES_ERROR;
				CLANG_WARN_EMPTY_BODY = YES;
				CLANG_WARN_ENUM_CONVERSION = YES;
				CLANG_WARN_INT_CONVERSION = YES;
				CLANG_WARN_OBJC_ROOT_CLASS = YES_ERROR;
				CLANG_WARN_UNREACHABLE_CODE = YES;
				CLANG_WARN__DUPLICATE_METHOD_MATCH = YES;
				"CODE_SIGN_IDENTITY[sdk=iphoneos*]" = "iPhone Developer";
				COPY_PHASE_STRIP = NO;
				ENABLE_STRICT_OBJC_MSGSEND = YES;
				GCC_C_LANGUAGE_STANDARD = gnu99;
				GCC_DYNAMIC_NO_PIC = NO;
				GCC_OPTIMIZATION_LEVEL = 0;
				GCC_PREPROCESSOR_DEFINITIONS = (
					"DEBUG=1",
					"$(inherited)",
				);
				GCC_SYMBOLS_PRIVATE_EXTERN = NO;
				GCC_WARN_64_TO_32_BIT_CONVERSION = YES;
				GCC_WARN_ABOUT_RETURN_TYPE = YES_ERROR;
				GCC_WARN_UNDECLARED_SELECTOR = YES;
				GCC_WARN_UNINITIALIZED_AUTOS = YES_AGGRESSIVE;
				GCC_WARN_UNUSED_FUNCTION = YES;
				GCC_WARN_UNUSED_VARIABLE = YES;
				IPHONEOS_DEPLOYMENT_TARGET = 8.2;
				MTL_ENABLE_DEBUG_INFO = YES;
				ONLY_ACTIVE_ARCH = YES;
				SDKROOT = iphoneos;
			};
			name = Debug;
		};
		27CEF57F1AC6033B00890179 /* Release */ = {
			isa = XCBuildConfiguration;
			buildSettings = {
				ALWAYS_SEARCH_USER_PATHS = NO;
				CLANG_CXX_LANGUAGE_STANDARD = "gnu++0x";
				CLANG_CXX_LIBRARY = "libc++";
				CLANG_ENABLE_MODULES = YES;
				CLANG_ENABLE_OBJC_ARC = YES;
				CLANG_WARN_BOOL_CONVERSION = YES;
				CLANG_WARN_CONSTANT_CONVERSION = YES;
				CLANG_WARN_DIRECT_OBJC_ISA_USAGE = YES_ERROR;
				CLANG_WARN_EMPTY_BODY = YES;
				CLANG_WARN_ENUM_CONVERSION = YES;
				CLANG_WARN_INT_CONVERSION = YES;
				CLANG_WARN_OBJC_ROOT_CLASS = YES_ERROR;
				CLANG_WARN_UNREACHABLE_CODE = YES;
				CLANG_WARN__DUPLICATE_METHOD_MATCH = YES;
				"CODE_SIGN_IDENTITY[sdk=iphoneos*]" = "iPhone Developer";
				COPY_PHASE_STRIP = NO;
				ENABLE_NS_ASSERTIONS = NO;
				ENABLE_STRICT_OBJC_MSGSEND = YES;
				GCC_C_LANGUAGE_STANDARD = gnu99;
				GCC_WARN_64_TO_32_BIT_CONVERSION = YES;
				GCC_WARN_ABOUT_RETURN_TYPE = YES_ERROR;
				GCC_WARN_UNDECLARED_SELECTOR = YES;
				GCC_WARN_UNINITIALIZED_AUTOS = YES_AGGRESSIVE;
				GCC_WARN_UNUSED_FUNCTION = YES;
				GCC_WARN_UNUSED_VARIABLE = YES;
				IPHONEOS_DEPLOYMENT_TARGET = 8.2;
				MTL_ENABLE_DEBUG_INFO = NO;
				SDKROOT = iphoneos;
				VALIDATE_PRODUCT = YES;
			};
			name = Release;
		};
		27CEF5811AC6033B00890179 /* Debug */ = {
			isa = XCBuildConfiguration;
			buildSettings = {
				ASSETCATALOG_COMPILER_APPICON_NAME = AppIcon;
				INFOPLIST_FILE = MyWorld/Info.plist;
				LD_RUNPATH_SEARCH_PATHS = "$(inherited) @executable_path/Frameworks";
				PRODUCT_NAME = "$(TARGET_NAME)";
			};
			name = Debug;
		};
		27CEF5821AC6033B00890179 /* Release */ = {
			isa = XCBuildConfiguration;
			buildSettings = {
				ASSETCATALOG_COMPILER_APPICON_NAME = AppIcon;
				INFOPLIST_FILE = MyWorld/Info.plist;
				LD_RUNPATH_SEARCH_PATHS = "$(inherited) @executable_path/Frameworks";
				PRODUCT_NAME = "$(TARGET_NAME)";
			};
			name = Release;
		};
		27CEF5841AC6033B00890179 /* Debug */ = {
			isa = XCBuildConfiguration;
			buildSettings = {
				BUNDLE_LOADER = "$(TEST_HOST)";
				FRAMEWORK_SEARCH_PATHS = (
					"$(SDKROOT)/Developer/Library/Frameworks",
					"$(inherited)",
				);
				GCC_PREPROCESSOR_DEFINITIONS = (
					"DEBUG=1",
					"$(inherited)",
				);
				INFOPLIST_FILE = MyWorldTests/Info.plist;
				LD_RUNPATH_SEARCH_PATHS = "$(inherited) @executable_path/Frameworks @loader_path/Frameworks";
				PRODUCT_NAME = "$(TARGET_NAME)";
				TEST_HOST = "$(BUILT_PRODUCTS_DIR)/MyWorld.app/MyWorld";
			};
			name = Debug;
		};
		27CEF5851AC6033B00890179 /* Release */ = {
			isa = XCBuildConfiguration;
			buildSettings = {
				BUNDLE_LOADER = "$(TEST_HOST)";
				FRAMEWORK_SEARCH_PATHS = (
					"$(SDKROOT)/Developer/Library/Frameworks",
					"$(inherited)",
				);
				INFOPLIST_FILE = MyWorldTests/Info.plist;
				LD_RUNPATH_SEARCH_PATHS = "$(inherited) @executable_path/Frameworks @loader_path/Frameworks";
				PRODUCT_NAME = "$(TARGET_NAME)";
				TEST_HOST = "$(BUILT_PRODUCTS_DIR)/MyWorld.app/MyWorld";
			};
			name = Release;
		};
/* End XCBuildConfiguration section */

/* Begin XCConfigurationList section */
		27CEF5581AC6033B00890179 /* Build configuration list for PBXProject "MyWorld" */ = {
			isa = XCConfigurationList;
			buildConfigurations = (
				27CEF57E1AC6033B00890179 /* Debug */,
				27CEF57F1AC6033B00890179 /* Release */,
			);
			defaultConfigurationIsVisible = 0;
			defaultConfigurationName = Release;
		};
		27CEF5801AC6033B00890179 /* Build configuration list for PBXNativeTarget "MyWorld" */ = {
			isa = XCConfigurationList;
			buildConfigurations = (
				27CEF5811AC6033B00890179 /* Debug */,
				27CEF5821AC6033B00890179 /* Release */,
			);
			defaultConfigurationIsVisible = 0;
			defaultConfigurationName = Release;
		};
		27CEF5831AC6033B00890179 /* Build configuration list for PBXNativeTarget "MyWorldTests" */ = {
			isa = XCConfigurationList;
			buildConfigurations = (
				27CEF5841AC6033B00890179 /* Debug */,
				27CEF5851AC6033B00890179 /* Release */,
			);
			defaultConfigurationIsVisible = 0;
			defaultConfigurationName = Release;
		};
/* End XCConfigurationList section */

/* Begin XCVersionGroup section */
		27CEF6781ACB27A900890179 /* Model.xcdatamodeld */ = {
			isa = XCVersionGroup;
			children = (
				27CEF6791ACB27A900890179 /* Model.xcdatamodel */,
			);
			currentVersion = 27CEF6791ACB27A900890179 /* Model.xcdatamodel */;
			path = Model.xcdatamodeld;
			sourceTree = "<group>";
			versionGroupType = wrapper.xcdatamodel;
		};
/* End XCVersionGroup section */
	};
	rootObject = 27CEF5551AC6033B00890179 /* Project object */;
}
